{
  "requires": true,
  "lockfileVersion": 1,
  "dependencies": {
    "three-fbxloader-offical": {
      "version": "1.0.0",
      "resolved": "https://registry.npmjs.org/three-fbxloader-offical/-/three-fbxloader-offical-1.0.0.tgz",
      "integrity": "sha512-MPEznEBZzJA2PMNPRGJzZ95BjDcZ75FQurAjsQeZuEErA1qbSLpQM/n1jceJUAOGASbeQ7V/ABS3zx6tOTtXKQ=="
    }
  }
}
